
Microsoft Visual Studio Solution File, Format Version 12.00
# Visual Studio Version 17
VisualStudioVersion = 17.3.32901.215
MinimumVisualStudioVersion = 10.0.40219.1
Project("{FAE04EC0-301F-11D3-BF4B-00C04F79EFBC}") = "StudentList_While", "StudentList_While\StudentList_While.csproj", "{747BBC6E-70BC-4A02-A18A-8FC36A1F1059}"
EndProject
Global
	GlobalSection(SolutionConfigurationPlatforms) = preSolution
		Debug|Any CPU = Debug|Any CPU
		Release|Any CPU = Release|Any CPU
	EndGlobalSection
	GlobalSection(ProjectConfigurationPlatforms) = postSolution
		{747BBC6E-70BC-4A02-A18A-8FC36A1F1059}.Debug|Any CPU.ActiveCfg = Debug|Any CPU
		{747BBC6E-70BC-4A02-A18A-8FC36A1F1059}.Debug|Any CPU.Build.0 = Debug|Any CPU
		{747BBC6E-70BC-4A02-A18A-8FC36A1F1059}.Release|Any CPU.ActiveCfg = Release|Any CPU
		{747BBC6E-70BC-4A02-A18A-8FC36A1F1059}.Release|Any CPU.Build.0 = Release|Any CPU
	EndGlobalSection
	GlobalSection(SolutionProperties) = preSolution
		HideSolutionNode = FALSE
	EndGlobalSection
	GlobalSection(ExtensibilityGlobals) = postSolution
		SolutionGuid = {13042644-3FB6-4688-BC9A-A2D0076A62F6}
	EndGlobalSection
EndGlobal
