
Microsoft Visual Studio Solution File, Format Version 12.00
# Visual Studio Version 17
VisualStudioVersion = 17.3.32901.215
MinimumVisualStudioVersion = 10.0.40219.1
Project("{FAE04EC0-301F-11D3-BF4B-00C04F79EFBC}") = "StudentList", "StudentList\StudentList.csproj", "{067A0C19-55C7-4C0D-8937-47E5E6144FFC}"
EndProject
Global
	GlobalSection(SolutionConfigurationPlatforms) = preSolution
		Debug|Any CPU = Debug|Any CPU
		Release|Any CPU = Release|Any CPU
	EndGlobalSection
	GlobalSection(ProjectConfigurationPlatforms) = postSolution
		{067A0C19-55C7-4C0D-8937-47E5E6144FFC}.Debug|Any CPU.ActiveCfg = Debug|Any CPU
		{067A0C19-55C7-4C0D-8937-47E5E6144FFC}.Debug|Any CPU.Build.0 = Debug|Any CPU
		{067A0C19-55C7-4C0D-8937-47E5E6144FFC}.Release|Any CPU.ActiveCfg = Release|Any CPU
		{067A0C19-55C7-4C0D-8937-47E5E6144FFC}.Release|Any CPU.Build.0 = Release|Any CPU
	EndGlobalSection
	GlobalSection(SolutionProperties) = preSolution
		HideSolutionNode = FALSE
	EndGlobalSection
	GlobalSection(ExtensibilityGlobals) = postSolution
		SolutionGuid = {5674DFCB-A08D-44EE-BA5B-554167F03DA0}
	EndGlobalSection
EndGlobal
