
Microsoft Visual Studio Solution File, Format Version 12.00
# Visual Studio Version 17
VisualStudioVersion = 17.3.32901.215
MinimumVisualStudioVersion = 10.0.40219.1
Project("{FAE04EC0-301F-11D3-BF4B-00C04F79EFBC}") = "Constant", "Constant\Constant.csproj", "{7C36E6D2-B66C-4350-A8CB-AAEB80FC79C2}"
EndProject
Global
	GlobalSection(SolutionConfigurationPlatforms) = preSolution
		Debug|Any CPU = Debug|Any CPU
		Release|Any CPU = Release|Any CPU
	EndGlobalSection
	GlobalSection(ProjectConfigurationPlatforms) = postSolution
		{7C36E6D2-B66C-4350-A8CB-AAEB80FC79C2}.Debug|Any CPU.ActiveCfg = Debug|Any CPU
		{7C36E6D2-B66C-4350-A8CB-AAEB80FC79C2}.Debug|Any CPU.Build.0 = Debug|Any CPU
		{7C36E6D2-B66C-4350-A8CB-AAEB80FC79C2}.Release|Any CPU.ActiveCfg = Release|Any CPU
		{7C36E6D2-B66C-4350-A8CB-AAEB80FC79C2}.Release|Any CPU.Build.0 = Release|Any CPU
	EndGlobalSection
	GlobalSection(SolutionProperties) = preSolution
		HideSolutionNode = FALSE
	EndGlobalSection
	GlobalSection(ExtensibilityGlobals) = postSolution
		SolutionGuid = {507C4B25-EBA5-41A7-B559-225692EC489B}
	EndGlobalSection
EndGlobal
