
Microsoft Visual Studio Solution File, Format Version 12.00
# Visual Studio Version 17
VisualStudioVersion = 17.3.32901.215
MinimumVisualStudioVersion = 10.0.40219.1
Project("{FAE04EC0-301F-11D3-BF4B-00C04F79EFBC}") = "ConsoleWrite", "ConsoleWrite\ConsoleWrite.csproj", "{5FDFFA7A-1286-4374-910C-8D3409D33E96}"
EndProject
Global
	GlobalSection(SolutionConfigurationPlatforms) = preSolution
		Debug|Any CPU = Debug|Any CPU
		Release|Any CPU = Release|Any CPU
	EndGlobalSection
	GlobalSection(ProjectConfigurationPlatforms) = postSolution
		{5FDFFA7A-1286-4374-910C-8D3409D33E96}.Debug|Any CPU.ActiveCfg = Debug|Any CPU
		{5FDFFA7A-1286-4374-910C-8D3409D33E96}.Debug|Any CPU.Build.0 = Debug|Any CPU
		{5FDFFA7A-1286-4374-910C-8D3409D33E96}.Release|Any CPU.ActiveCfg = Release|Any CPU
		{5FDFFA7A-1286-4374-910C-8D3409D33E96}.Release|Any CPU.Build.0 = Release|Any CPU
	EndGlobalSection
	GlobalSection(SolutionProperties) = preSolution
		HideSolutionNode = FALSE
	EndGlobalSection
	GlobalSection(ExtensibilityGlobals) = postSolution
		SolutionGuid = {81292EF1-E44A-4062-9EE3-BC9D2C4A6723}
	EndGlobalSection
EndGlobal
