
Microsoft Visual Studio Solution File, Format Version 12.00
# Visual Studio Version 17
VisualStudioVersion = 17.3.32901.215
MinimumVisualStudioVersion = 10.0.40219.1
Project("{FAE04EC0-301F-11D3-BF4B-00C04F79EFBC}") = "DoorLock_6Num_For", "DoorLock_6Num_For\DoorLock_6Num_For.csproj", "{044BB2CE-8885-4660-8AE3-1B197D5C6677}"
EndProject
Global
	GlobalSection(SolutionConfigurationPlatforms) = preSolution
		Debug|Any CPU = Debug|Any CPU
		Release|Any CPU = Release|Any CPU
	EndGlobalSection
	GlobalSection(ProjectConfigurationPlatforms) = postSolution
		{044BB2CE-8885-4660-8AE3-1B197D5C6677}.Debug|Any CPU.ActiveCfg = Debug|Any CPU
		{044BB2CE-8885-4660-8AE3-1B197D5C6677}.Debug|Any CPU.Build.0 = Debug|Any CPU
		{044BB2CE-8885-4660-8AE3-1B197D5C6677}.Release|Any CPU.ActiveCfg = Release|Any CPU
		{044BB2CE-8885-4660-8AE3-1B197D5C6677}.Release|Any CPU.Build.0 = Release|Any CPU
	EndGlobalSection
	GlobalSection(SolutionProperties) = preSolution
		HideSolutionNode = FALSE
	EndGlobalSection
	GlobalSection(ExtensibilityGlobals) = postSolution
		SolutionGuid = {7A20DAEC-692B-4C7B-8BE9-B3D055E4C94A}
	EndGlobalSection
EndGlobal
